
Microsoft Visual Studio Solution File, Format Version 12.00
# Visual Studio Version 17
VisualStudioVersion = 17.5.33414.496
MinimumVisualStudioVersion = 10.0.40219.1
Project("{FAE04EC0-301F-11D3-BF4B-00C04F79EFBC}") = "Task2", "Task2.csproj", "{AA3AB132-CD29-4F7A-A397-B0B243A4EBF0}"
EndProject
Global
	GlobalSection(SolutionConfigurationPlatforms) = preSolution
		Debug|Any CPU = Debug|Any CPU
		Release|Any CPU = Release|Any CPU
	EndGlobalSection
	GlobalSection(ProjectConfigurationPlatforms) = postSolution
		{AA3AB132-CD29-4F7A-A397-B0B243A4EBF0}.Debug|Any CPU.ActiveCfg = Debug|Any CPU
		{AA3AB132-CD29-4F7A-A397-B0B243A4EBF0}.Debug|Any CPU.Build.0 = Debug|Any CPU
		{AA3AB132-CD29-4F7A-A397-B0B243A4EBF0}.Release|Any CPU.ActiveCfg = Release|Any CPU
		{AA3AB132-CD29-4F7A-A397-B0B243A4EBF0}.Release|Any CPU.Build.0 = Release|Any CPU
	EndGlobalSection
	GlobalSection(SolutionProperties) = preSolution
		HideSolutionNode = FALSE
	EndGlobalSection
	GlobalSection(ExtensibilityGlobals) = postSolution
		SolutionGuid = {AE3094E1-9E7A-4B7E-BAA7-56824931C766}
	EndGlobalSection
EndGlobal
