
Microsoft Visual Studio Solution File, Format Version 12.00
# Visual Studio Version 17
VisualStudioVersion = 17.5.33516.290
MinimumVisualStudioVersion = 10.0.40219.1
Project("{FAE04EC0-301F-11D3-BF4B-00C04F79EFBC}") = "Task1", "Task1\Task1.csproj", "{6CA9A46A-42EC-4CC0-80BF-134D2B32213B}"
EndProject
Global
	GlobalSection(SolutionConfigurationPlatforms) = preSolution
		Debug|Any CPU = Debug|Any CPU
		Release|Any CPU = Release|Any CPU
	EndGlobalSection
	GlobalSection(ProjectConfigurationPlatforms) = postSolution
		{6CA9A46A-42EC-4CC0-80BF-134D2B32213B}.Debug|Any CPU.ActiveCfg = Debug|Any CPU
		{6CA9A46A-42EC-4CC0-80BF-134D2B32213B}.Debug|Any CPU.Build.0 = Debug|Any CPU
		{6CA9A46A-42EC-4CC0-80BF-134D2B32213B}.Release|Any CPU.ActiveCfg = Release|Any CPU
		{6CA9A46A-42EC-4CC0-80BF-134D2B32213B}.Release|Any CPU.Build.0 = Release|Any CPU
	EndGlobalSection
	GlobalSection(SolutionProperties) = preSolution
		HideSolutionNode = FALSE
	EndGlobalSection
	GlobalSection(ExtensibilityGlobals) = postSolution
		SolutionGuid = {7D31FB7E-B077-4D2A-840F-2F896AD1EA0A}
	EndGlobalSection
EndGlobal
